Microsoft Visual Studio Solution File, Format Version 12.00
# Visual Studio Version 17
VisualStudioVersion = 17.5.2.0
MinimumVisualStudioVersion = 10.0.40219.1
Project("{FAE04EC0-301F-11D3-BF4B-00C04F79EFBC}") = "JPInstaller", "JPInstaller.csproj", "{E5DFBD44-5D9E-F5ED-474C-E3E1EC7FF4D5}"
EndProject
Global
	GlobalSection(SolutionConfigurationPlatforms) = preSolution
		Debug|Any CPU = Debug|Any CPU
		Release|Any CPU = Release|Any CPU
	EndGlobalSection
	GlobalSection(ProjectConfigurationPlatforms) = postSolution
		{E5DFBD44-5D9E-F5ED-474C-E3E1EC7FF4D5}.Debug|Any CPU.ActiveCfg = Debug|Any CPU
		{E5DFBD44-5D9E-F5ED-474C-E3E1EC7FF4D5}.Debug|Any CPU.Build.0 = Debug|Any CPU
		{E5DFBD44-5D9E-F5ED-474C-E3E1EC7FF4D5}.Release|Any CPU.ActiveCfg = Release|Any CPU
		{E5DFBD44-5D9E-F5ED-474C-E3E1EC7FF4D5}.Release|Any CPU.Build.0 = Release|Any CPU
	EndGlobalSection
	GlobalSection(SolutionProperties) = preSolution
		HideSolutionNode = FALSE
	EndGlobalSection
	GlobalSection(ExtensibilityGlobals) = postSolution
		SolutionGuid = {9256B303-9862-4F77-A876-3DBCC0FBE7AB}
	EndGlobalSection
EndGlobal
